{
  "version": 4,
  "terraform_version": "0.12.26",
  "serial": 22,
  "lineage": "cd5d996a-39fd-bdf1-31b6-e7e4c0baee7a",
  "outputs": {},
  "resources": [
    {
      "mode": "data",
      "type": "terraform_remote_state",
      "name": "security",
      "provider": "provider.terraform",
      "instances": [
        {
          "schema_version": 0,
          "attributes": {
            "backend": "s3",
            "config": {
              "value": {
                "bucket": "terraform-state-er",
                "key": "env:/dev/aws_devops/security.tfstate",
                "region": "us-east-1"
              },
              "type": [
                "object",
                {
                  "bucket": "string",
                  "key": "string",
                  "region": "string"
                }
              ]
            },
            "defaults": null,
            "outputs": {
              "value": {
                "aws-devops-sg-id": "sg-0a4b6425deaa18d35"
              },
              "type": [
                "object",
                {
                  "aws-devops-sg-id": "string"
                }
              ]
            },
            "workspace": "default"
          }
        }
      ]
    },
    {
      "mode": "data",
      "type": "terraform_remote_state",
      "name": "vpc",
      "provider": "provider.terraform",
      "instances": [
        {
          "schema_version": 0,
          "attributes": {
            "backend": "s3",
            "config": {
              "value": {
                "bucket": "terraform-state-er",
                "key": "env:/dev/aws_devops/network.tfstate",
                "region": "us-east-1"
              },
              "type": [
                "object",
                {
                  "bucket": "string",
                  "key": "string",
                  "region": "string"
                }
              ]
            },
            "defaults": null,
            "outputs": {
              "value": {
                "pri-route-table": [
                  "rtb-043ba3039ddc143d2"
                ],
                "pri-subnet-1-id": [
                  [
                    "subnet-0602e2db9ea2f4189",
                    "subnet-063958d57d1561cab"
                  ]
                ],
                "pri-subnet-2-id": [
                  [
                    "subnet-0d6eef8f9a6a151c8",
                    "subnet-0a90fab8ad07dcbcb"
                  ]
                ],
                "pub-route-table": [
                  "rtb-0db8a60691c4275b3"
                ],
                "pub-subnet-1-id": [
                  [
                    "subnet-0e6c0f395d10225b4"
                  ]
                ],
                "pub-subnet-2-id": [
                  [
                    "subnet-0ec7811be535284dc"
                  ]
                ],
                "vpc-id": [
                  "vpc-0270a89cc3f3abb0b"
                ]
              },
              "type": [
                "object",
                {
                  "pri-route-table": [
                    "tuple",
                    [
                      "string"
                    ]
                  ],
                  "pri-subnet-1-id": [
                    "tuple",
                    [
                      [
                        "tuple",
                        [
                          "string",
                          "string"
                        ]
                      ]
                    ]
                  ],
                  "pri-subnet-2-id": [
                    "tuple",
                    [
                      [
                        "tuple",
                        [
                          "string",
                          "string"
                        ]
                      ]
                    ]
                  ],
                  "pub-route-table": [
                    "tuple",
                    [
                      "string"
                    ]
                  ],
                  "pub-subnet-1-id": [
                    "tuple",
                    [
                      [
                        "tuple",
                        [
                          "string"
                        ]
                      ]
                    ]
                  ],
                  "pub-subnet-2-id": [
                    "tuple",
                    [
                      [
                        "tuple",
                        [
                          "string"
                        ]
                      ]
                    ]
                  ],
                  "vpc-id": [
                    "tuple",
                    [
                      "string"
                    ]
                  ]
                }
              ]
            },
            "workspace": "default"
          }
        }
      ]
    },
    {
      "module": "module.volume-no-ebs",
      "mode": "managed",
      "type": "aws_ebs_volume",
      "name": "volume",
      "each": "list",
      "provider": "provider.aws",
      "instances": [
        {
          "index_key": 0,
          "schema_version": 0,
          "attributes": {
            "arn": "arn:aws:ec2:us-east-1:130193131803:volume/vol-0022bd5e9c021f522",
            "availability_zone": "us-east-1b",
            "encrypted": false,
            "id": "vol-0022bd5e9c021f522",
            "iops": 100,
            "kms_key_id": "",
            "multi_attach_enabled": false,
            "outpost_arn": "",
            "size": 10,
            "snapshot_id": "",
            "tags": {
              "Application": "ebs_encrypt",
              "Creation_Date": "Jan_1_2021",
              "Environment": "default",
              "Name": "independent_ebs_1",
              "Purpose": "Testing ebs encryption",
              "Template": "aws_devops"
            },
            "type": "gp2"
          },
          "private": "bnVsbA=="
        },
        {
          "index_key": 1,
          "schema_version": 0,
          "attributes": {
            "arn": "arn:aws:ec2:us-east-1:130193131803:volume/vol-086a8e83506b8dd26",
            "availability_zone": "us-east-1b",
            "encrypted": false,
            "id": "vol-086a8e83506b8dd26",
            "iops": 100,
            "kms_key_id": "",
            "multi_attach_enabled": false,
            "outpost_arn": "",
            "size": 20,
            "snapshot_id": "",
            "tags": {
              "Application": "ebs_encrypt",
              "Creation_Date": "Jan_1_2021",
              "Environment": "default",
              "Name": "independent_ebs_1",
              "Purpose": "Testing ebs encryption",
              "Template": "aws_devops"
            },
            "type": "gp2"
          },
          "private": "bnVsbA=="
        }
      ]
    },
    {
      "module": "module.ec2-ebs-2",
      "mode": "managed",
      "type": "aws_instance",
      "name": "ec2",
      "provider": "provider.aws",
      "instances": [
        {
          "schema_version": 1,
          "attributes": {
            "ami": "ami-08f3d892de259504d",
            "arn": "arn:aws:ec2:us-east-1:130193131803:instance/i-09d6bb3a94b1cf4a1",
            "associate_public_ip_address": true,
            "availability_zone": "us-east-1b",
            "cpu_core_count": 1,
            "cpu_threads_per_core": 1,
            "credit_specification": [
              {
                "cpu_credits": "standard"
              }
            ],
            "disable_api_termination": false,
            "ebs_block_device": [
              {
                "delete_on_termination": true,
                "device_name": "/dev/sdk",
                "encrypted": false,
                "iops": 100,
                "kms_key_id": "",
                "snapshot_id": "",
                "throughput": 0,
                "volume_id": "vol-015ece756147a4cee",
                "volume_size": 20,
                "volume_type": "gp2"
              },
              {
                "delete_on_termination": true,
                "device_name": "/dev/sdl",
                "encrypted": false,
                "iops": 100,
                "kms_key_id": "",
                "snapshot_id": "",
                "throughput": 0,
                "volume_id": "vol-0a162c6d903aa667f",
                "volume_size": 15,
                "volume_type": "gp2"
              }
            ],
            "ebs_optimized": false,
            "enclave_options": [
              {
                "enabled": false
              }
            ],
            "ephemeral_block_device": [],
            "get_password_data": false,
            "hibernation": false,
            "host_id": null,
            "iam_instance_profile": "EC2_Role",
            "id": "i-09d6bb3a94b1cf4a1",
            "instance_initiated_shutdown_behavior": null,
            "instance_state": "running",
            "instance_type": "t2.micro",
            "ipv6_address_count": 0,
            "ipv6_addresses": [],
            "key_name": "base-template",
            "metadata_options": [
              {
                "http_endpoint": "enabled",
                "http_put_response_hop_limit": 1,
                "http_tokens": "optional"
              }
            ],
            "monitoring": false,
            "network_interface": [],
            "outpost_arn": "",
            "password_data": "",
            "placement_group": "",
            "primary_network_interface_id": "eni-03bbce81e9a66634d",
            "private_dns": "ip-10-0-1-62.ec2.internal",
            "private_ip": "10.0.1.62",
            "public_dns": "ec2-54-82-211-238.compute-1.amazonaws.com",
            "public_ip": "54.82.211.238",
            "root_block_device": [
              {
                "delete_on_termination": true,
                "device_name": "/dev/xvda",
                "encrypted": false,
                "iops": 100,
                "kms_key_id": "",
                "throughput": 0,
                "volume_id": "vol-0f2da9e258349023a",
                "volume_size": 8,
                "volume_type": "gp2"
              }
            ],
            "secondary_private_ips": [],
            "security_groups": [],
            "source_dest_check": true,
            "subnet_id": "subnet-0ec7811be535284dc",
            "tags": {
              "Application": "ebs_encrypt",
              "Creation_Date": "Jan_1_2021",
              "Environment": "none",
              "Name": "ebs_encryption_1_b",
              "Purpose": "Testing ebs encryption",
              "Template": "aws_devops"
            },
            "tenancy": "default",
            "timeouts": null,
            "user_data": "",
            "user_data_base64": null,
            "volume_tags": {
              "Application": "ebs_encrypt",
              "Creation_Date": "Jan_1_2021",
              "Environment": "none",
              "Name": "ebs_encryption_1_b",
              "Purpose": "Testing ebs encryption",
              "Template": "aws_devops"
            },
            "vpc_security_group_ids": [
              "sg-0a4b6425deaa18d35"
            ]
          },
          "private": "eyJlMmJmYjczMC1lY2FhLTExZTYtOGY4OC0zNDM2M2JjN2M0YzAiOnsiY3JlYXRlIjo2MDAwMDAwMDAwMDAsImRlbGV0ZSI6MTIwMDAwMDAwMDAwMCwidXBkYXRlIjo2MDAwMDAwMDAwMDB9LCJzY2hlbWFfdmVyc2lvbiI6IjEifQ=="
        }
      ]
    },
    {
      "module": "module.ec2-ebs-1",
      "mode": "managed",
      "type": "aws_instance",
      "name": "ec2",
      "provider": "provider.aws",
      "instances": [
        {
          "schema_version": 1,
          "attributes": {
            "ami": "ami-08f3d892de259504d",
            "arn": "arn:aws:ec2:us-east-1:130193131803:instance/i-02022309590355216",
            "associate_public_ip_address": true,
            "availability_zone": "us-east-1b",
            "cpu_core_count": 1,
            "cpu_threads_per_core": 1,
            "credit_specification": [
              {
                "cpu_credits": "standard"
              }
            ],
            "disable_api_termination": false,
            "ebs_block_device": [
              {
                "delete_on_termination": true,
                "device_name": "/dev/sdk",
                "encrypted": false,
                "iops": 100,
                "kms_key_id": "",
                "snapshot_id": "",
                "throughput": 0,
                "volume_id": "vol-015ebd9ad6d0117e4",
                "volume_size": 10,
                "volume_type": "gp2"
              },
              {
                "delete_on_termination": true,
                "device_name": "/dev/sdl",
                "encrypted": false,
                "iops": 100,
                "kms_key_id": "",
                "snapshot_id": "",
                "throughput": 0,
                "volume_id": "vol-01a14da1d5f3f2d25",
                "volume_size": 5,
                "volume_type": "gp2"
              }
            ],
            "ebs_optimized": false,
            "enclave_options": [
              {
                "enabled": false
              }
            ],
            "ephemeral_block_device": [],
            "get_password_data": false,
            "hibernation": false,
            "host_id": null,
            "iam_instance_profile": "EC2_Role",
            "id": "i-02022309590355216",
            "instance_initiated_shutdown_behavior": null,
            "instance_state": "running",
            "instance_type": "t2.micro",
            "ipv6_address_count": 0,
            "ipv6_addresses": [],
            "key_name": "base-template",
            "metadata_options": [
              {
                "http_endpoint": "enabled",
                "http_put_response_hop_limit": 1,
                "http_tokens": "optional"
              }
            ],
            "monitoring": false,
            "network_interface": [],
            "outpost_arn": "",
            "password_data": "",
            "placement_group": "",
            "primary_network_interface_id": "eni-087d5766d6d3cfcf1",
            "private_dns": "ip-10-0-1-37.ec2.internal",
            "private_ip": "10.0.1.37",
            "public_dns": "ec2-3-80-181-226.compute-1.amazonaws.com",
            "public_ip": "3.80.181.226",
            "root_block_device": [
              {
                "delete_on_termination": true,
                "device_name": "/dev/xvda",
                "encrypted": false,
                "iops": 100,
                "kms_key_id": "",
                "throughput": 0,
                "volume_id": "vol-02e54b2f937f6f7ec",
                "volume_size": 8,
                "volume_type": "gp2"
              }
            ],
            "secondary_private_ips": [],
            "security_groups": [],
            "source_dest_check": true,
            "subnet_id": "subnet-0ec7811be535284dc",
            "tags": {
              "Application": "ebs_encrypt",
              "Creation_Date": "Jan_1_2021",
              "Environment": "none",
              "Name": "ebs_encryption_2_b",
              "Purpose": "Testing ebs encryption",
              "Template": "aws_devops"
            },
            "tenancy": "default",
            "timeouts": null,
            "user_data": "",
            "user_data_base64": null,
            "volume_tags": {
              "Application": "ebs_encrypt",
              "Creation_Date": "Jan_1_2021",
              "Environment": "none",
              "Name": "ebs_encryption_2_b",
              "Purpose": "Testing ebs encryption",
              "Template": "aws_devops"
            },
            "vpc_security_group_ids": [
              "sg-0a4b6425deaa18d35"
            ]
          },
          "private": "eyJlMmJmYjczMC1lY2FhLTExZTYtOGY4OC0zNDM2M2JjN2M0YzAiOnsiY3JlYXRlIjo2MDAwMDAwMDAwMDAsImRlbGV0ZSI6MTIwMDAwMDAwMDAwMCwidXBkYXRlIjo2MDAwMDAwMDAwMDB9LCJzY2hlbWFfdmVyc2lvbiI6IjEifQ=="
        }
      ]
    },
    {
      "module": "module.ec2-ebs-3",
      "mode": "managed",
      "type": "aws_instance",
      "name": "ec2",
      "provider": "provider.aws",
      "instances": [
        {
          "schema_version": 1,
          "attributes": {
            "ami": "ami-08f3d892de259504d",
            "arn": "arn:aws:ec2:us-east-1:130193131803:instance/i-07a2d5401021aaf53",
            "associate_public_ip_address": true,
            "availability_zone": "us-east-1a",
            "cpu_core_count": 1,
            "cpu_threads_per_core": 1,
            "credit_specification": [
              {
                "cpu_credits": "standard"
              }
            ],
            "disable_api_termination": false,
            "ebs_block_device": [
              {
                "delete_on_termination": true,
                "device_name": "/dev/sdk",
                "encrypted": false,
                "iops": 100,
                "kms_key_id": "",
                "snapshot_id": "",
                "throughput": 0,
                "volume_id": "vol-0a51e660db45cbc95",
                "volume_size": 30,
                "volume_type": "gp2"
              },
              {
                "delete_on_termination": true,
                "device_name": "/dev/sdl",
                "encrypted": false,
                "iops": 100,
                "kms_key_id": "",
                "snapshot_id": "",
                "throughput": 0,
                "volume_id": "vol-0bc13cf024edb9987",
                "volume_size": 25,
                "volume_type": "gp2"
              }
            ],
            "ebs_optimized": false,
            "enclave_options": [
              {
                "enabled": false
              }
            ],
            "ephemeral_block_device": [],
            "get_password_data": false,
            "hibernation": false,
            "host_id": null,
            "iam_instance_profile": "EC2_Role",
            "id": "i-07a2d5401021aaf53",
            "instance_initiated_shutdown_behavior": null,
            "instance_state": "running",
            "instance_type": "t2.micro",
            "ipv6_address_count": 0,
            "ipv6_addresses": [],
            "key_name": "base-template",
            "metadata_options": [
              {
                "http_endpoint": "enabled",
                "http_put_response_hop_limit": 1,
                "http_tokens": "optional"
              }
            ],
            "monitoring": false,
            "network_interface": [],
            "outpost_arn": "",
            "password_data": "",
            "placement_group": "",
            "primary_network_interface_id": "eni-074a5828de00f530a",
            "private_dns": "ip-10-0-1-7.ec2.internal",
            "private_ip": "10.0.1.7",
            "public_dns": "ec2-54-196-254-100.compute-1.amazonaws.com",
            "public_ip": "54.196.254.100",
            "root_block_device": [
              {
                "delete_on_termination": true,
                "device_name": "/dev/xvda",
                "encrypted": false,
                "iops": 100,
                "kms_key_id": "",
                "throughput": 0,
                "volume_id": "vol-0da1e9ce45f50499a",
                "volume_size": 8,
                "volume_type": "gp2"
              }
            ],
            "secondary_private_ips": [],
            "security_groups": [],
            "source_dest_check": true,
            "subnet_id": "subnet-0e6c0f395d10225b4",
            "tags": {
              "Application": "ebs_encrypt",
              "Creation_Date": "Jan_1_2021",
              "Environment": "default",
              "Name": "ebs_encryption_1_a",
              "Purpose": "Testing ebs encryption",
              "Template": "aws_devops"
            },
            "tenancy": "default",
            "timeouts": null,
            "user_data": "",
            "user_data_base64": null,
            "volume_tags": {
              "Application": "ebs_encrypt",
              "Creation_Date": "Jan_1_2021",
              "Environment": "default",
              "Name": "ebs_encryption_1_a",
              "Purpose": "Testing ebs encryption",
              "Template": "aws_devops"
            },
            "vpc_security_group_ids": [
              "sg-0a4b6425deaa18d35"
            ]
          },
          "private": "eyJlMmJmYjczMC1lY2FhLTExZTYtOGY4OC0zNDM2M2JjN2M0YzAiOnsiY3JlYXRlIjo2MDAwMDAwMDAwMDAsImRlbGV0ZSI6MTIwMDAwMDAwMDAwMCwidXBkYXRlIjo2MDAwMDAwMDAwMDB9LCJzY2hlbWFfdmVyc2lvbiI6IjEifQ=="
        }
      ]
    }
  ]
}
