{
  "version": 4,
  "terraform_version": "0.12.26",
  "serial": 3,
  "lineage": "ae457879-b058-7887-7f55-246a7c536a9e",
  "outputs": {},
  "resources": [
    {
      "mode": "data",
      "type": "terraform_remote_state",
      "name": "security",
      "provider": "provider.terraform",
      "instances": [
        {
          "schema_version": 0,
          "attributes": {
            "backend": "s3",
            "config": {
              "value": {
                "bucket": "terraform-state-er",
                "key": "env:/dev/aws_devops/security.tfstate",
                "region": "us-east-1"
              },
              "type": [
                "object",
                {
                  "bucket": "string",
                  "key": "string",
                  "region": "string"
                }
              ]
            },
            "defaults": null,
            "outputs": {
              "value": {
                "aws-devops-sg-id": "sg-0a4b6425deaa18d35"
              },
              "type": [
                "object",
                {
                  "aws-devops-sg-id": "string"
                }
              ]
            },
            "workspace": "default"
          }
        }
      ]
    },
    {
      "mode": "data",
      "type": "terraform_remote_state",
      "name": "vpc",
      "provider": "provider.terraform",
      "instances": [
        {
          "schema_version": 0,
          "attributes": {
            "backend": "s3",
            "config": {
              "value": {
                "bucket": "terraform-state-er",
                "key": "env:/dev/aws_devops/network.tfstate",
                "region": "us-east-1"
              },
              "type": [
                "object",
                {
                  "bucket": "string",
                  "key": "string",
                  "region": "string"
                }
              ]
            },
            "defaults": null,
            "outputs": {
              "value": {
                "pri-route-table": [
                  "rtb-043ba3039ddc143d2"
                ],
                "pri-subnet-1-id": [
                  [
                    "subnet-0602e2db9ea2f4189",
                    "subnet-063958d57d1561cab"
                  ]
                ],
                "pri-subnet-2-id": [
                  [
                    "subnet-0d6eef8f9a6a151c8",
                    "subnet-0a90fab8ad07dcbcb"
                  ]
                ],
                "pub-route-table": [
                  "rtb-0db8a60691c4275b3"
                ],
                "pub-subnet-1-id": [
                  [
                    "subnet-0e6c0f395d10225b4"
                  ]
                ],
                "pub-subnet-2-id": [
                  [
                    "subnet-0ec7811be535284dc"
                  ]
                ],
                "vpc-id": [
                  "vpc-0270a89cc3f3abb0b"
                ]
              },
              "type": [
                "object",
                {
                  "pri-route-table": [
                    "tuple",
                    [
                      "string"
                    ]
                  ],
                  "pri-subnet-1-id": [
                    "tuple",
                    [
                      [
                        "tuple",
                        [
                          "string",
                          "string"
                        ]
                      ]
                    ]
                  ],
                  "pri-subnet-2-id": [
                    "tuple",
                    [
                      [
                        "tuple",
                        [
                          "string",
                          "string"
                        ]
                      ]
                    ]
                  ],
                  "pub-route-table": [
                    "tuple",
                    [
                      "string"
                    ]
                  ],
                  "pub-subnet-1-id": [
                    "tuple",
                    [
                      [
                        "tuple",
                        [
                          "string"
                        ]
                      ]
                    ]
                  ],
                  "pub-subnet-2-id": [
                    "tuple",
                    [
                      [
                        "tuple",
                        [
                          "string"
                        ]
                      ]
                    ]
                  ],
                  "vpc-id": [
                    "tuple",
                    [
                      "string"
                    ]
                  ]
                }
              ]
            },
            "workspace": "default"
          }
        }
      ]
    },
    {
      "module": "module.amazon_linux",
      "mode": "managed",
      "type": "aws_instance",
      "name": "ec2",
      "provider": "provider.aws",
      "instances": [
        {
          "schema_version": 1,
          "attributes": {
            "ami": "ami-08f3d892de259504d",
            "arn": "arn:aws:ec2:us-east-1:130193131803:instance/i-05d190919da202356",
            "associate_public_ip_address": true,
            "availability_zone": "us-east-1a",
            "cpu_core_count": 1,
            "cpu_threads_per_core": 1,
            "credit_specification": [
              {
                "cpu_credits": "standard"
              }
            ],
            "disable_api_termination": false,
            "ebs_block_device": [],
            "ebs_optimized": false,
            "enclave_options": [
              {
                "enabled": false
              }
            ],
            "ephemeral_block_device": [],
            "get_password_data": false,
            "hibernation": false,
            "host_id": null,
            "iam_instance_profile": "EC2_Role",
            "id": "i-05d190919da202356",
            "instance_initiated_shutdown_behavior": null,
            "instance_state": "running",
            "instance_type": "t2.micro",
            "ipv6_address_count": 0,
            "ipv6_addresses": [],
            "key_name": "base-template",
            "metadata_options": [
              {
                "http_endpoint": "enabled",
                "http_put_response_hop_limit": 1,
                "http_tokens": "optional"
              }
            ],
            "monitoring": false,
            "network_interface": [],
            "outpost_arn": "",
            "password_data": "",
            "placement_group": "",
            "primary_network_interface_id": "eni-0a321a7bd5c3a8b57",
            "private_dns": "ip-10-0-1-8.ec2.internal",
            "private_ip": "10.0.1.8",
            "public_dns": "ec2-54-82-4-216.compute-1.amazonaws.com",
            "public_ip": "54.82.4.216",
            "root_block_device": [
              {
                "delete_on_termination": true,
                "device_name": "/dev/xvda",
                "encrypted": false,
                "iops": 100,
                "kms_key_id": "",
                "tags": {},
                "throughput": 0,
                "volume_id": "vol-077ca25f218a67eb3",
                "volume_size": 8,
                "volume_type": "gp2"
              }
            ],
            "secondary_private_ips": [],
            "security_groups": [],
            "source_dest_check": true,
            "subnet_id": "subnet-0e6c0f395d10225b4",
            "tags": {
              "Application": "eni attachment",
              "Creation_Date": "12 March",
              "Environment": "default",
              "Name": "eni_attch_al_az_a",
              "Purpose": "launching amazon test linux instance to try the eni attachment",
              "Template": "devops"
            },
            "tenancy": "default",
            "timeouts": null,
            "user_data": "",
            "user_data_base64": null,
            "volume_tags": {
              "Application": "eni attachment",
              "Creation_Date": "12 March",
              "Environment": "default",
              "Name": "eni_attch_al_az_a",
              "Purpose": "launching amazon test linux instance to try the eni attachment",
              "Template": "devops"
            },
            "vpc_security_group_ids": [
              "sg-0a4b6425deaa18d35"
            ]
          },
          "private": "eyJlMmJmYjczMC1lY2FhLTExZTYtOGY4OC0zNDM2M2JjN2M0YzAiOnsiY3JlYXRlIjo2MDAwMDAwMDAwMDAsImRlbGV0ZSI6MTIwMDAwMDAwMDAwMCwidXBkYXRlIjo2MDAwMDAwMDAwMDB9LCJzY2hlbWFfdmVyc2lvbiI6IjEifQ=="
        }
      ]
    },
    {
      "module": "module.redhat",
      "mode": "managed",
      "type": "aws_instance",
      "name": "ec2",
      "provider": "provider.aws",
      "instances": [
        {
          "schema_version": 1,
          "attributes": {
            "ami": "ami-096fda3c22c1c990a",
            "arn": "arn:aws:ec2:us-east-1:130193131803:instance/i-0eec1f2bdbce23eab",
            "associate_public_ip_address": true,
            "availability_zone": "us-east-1a",
            "cpu_core_count": 1,
            "cpu_threads_per_core": 1,
            "credit_specification": [
              {
                "cpu_credits": "standard"
              }
            ],
            "disable_api_termination": false,
            "ebs_block_device": [],
            "ebs_optimized": false,
            "enclave_options": [
              {
                "enabled": false
              }
            ],
            "ephemeral_block_device": [],
            "get_password_data": false,
            "hibernation": false,
            "host_id": null,
            "iam_instance_profile": "EC2_Role",
            "id": "i-0eec1f2bdbce23eab",
            "instance_initiated_shutdown_behavior": null,
            "instance_state": "running",
            "instance_type": "t2.micro",
            "ipv6_address_count": 0,
            "ipv6_addresses": [],
            "key_name": "base-template",
            "metadata_options": [
              {
                "http_endpoint": "enabled",
                "http_put_response_hop_limit": 1,
                "http_tokens": "optional"
              }
            ],
            "monitoring": false,
            "network_interface": [],
            "outpost_arn": "",
            "password_data": "",
            "placement_group": "",
            "primary_network_interface_id": "eni-0a5c0ef32d8410b0f",
            "private_dns": "ip-10-0-1-10.ec2.internal",
            "private_ip": "10.0.1.10",
            "public_dns": "ec2-54-83-107-62.compute-1.amazonaws.com",
            "public_ip": "54.83.107.62",
            "root_block_device": [
              {
                "delete_on_termination": true,
                "device_name": "/dev/sda1",
                "encrypted": false,
                "iops": 100,
                "kms_key_id": "",
                "tags": {},
                "throughput": 0,
                "volume_id": "vol-04c07ba3d1957f8db",
                "volume_size": 10,
                "volume_type": "gp2"
              }
            ],
            "secondary_private_ips": [],
            "security_groups": [],
            "source_dest_check": true,
            "subnet_id": "subnet-0e6c0f395d10225b4",
            "tags": {
              "Application": "eni attachment",
              "Creation_Date": "12 March",
              "Environment": "default",
              "Name": "eni_attch_rh_az_a",
              "Purpose": "launching redhat test linux instance to try the eni attachment",
              "Template": "devops"
            },
            "tenancy": "default",
            "timeouts": null,
            "user_data": "",
            "user_data_base64": null,
            "volume_tags": {
              "Application": "eni attachment",
              "Creation_Date": "12 March",
              "Environment": "default",
              "Name": "eni_attch_rh_az_a",
              "Purpose": "launching redhat test linux instance to try the eni attachment",
              "Template": "devops"
            },
            "vpc_security_group_ids": [
              "sg-0a4b6425deaa18d35"
            ]
          },
          "private": "eyJlMmJmYjczMC1lY2FhLTExZTYtOGY4OC0zNDM2M2JjN2M0YzAiOnsiY3JlYXRlIjo2MDAwMDAwMDAwMDAsImRlbGV0ZSI6MTIwMDAwMDAwMDAwMCwidXBkYXRlIjo2MDAwMDAwMDAwMDB9LCJzY2hlbWFfdmVyc2lvbiI6IjEifQ=="
        }
      ]
    }
  ]
}
